
Microsoft Visual Studio Solution File, Format Version 12.00
# Visual Studio Version 17
VisualStudioVersion = 17.4.33103.184
MinimumVisualStudioVersion = 10.0.40219.1
Project("{8BC9CEB8-8B4A-11D0-8D11-00A0C91BC942}") = "Project1", "Project1\Project1.vcxproj", "{F2A6A1D3-194D-4751-9895-84753898029D}"
EndProject
Global
	GlobalSection(SolutionConfigurationPlatforms) = preSolution
		Debug|x64 = Debug|x64
		Debug|x86 = Debug|x86
		Release|x64 = Release|x64
		Release|x86 = Release|x86
	EndGlobalSection
	GlobalSection(ProjectConfigurationPlatforms) = postSolution
		{F2A6A1D3-194D-4751-9895-84753898029D}.Debug|x64.ActiveCfg = Debug|x64
		{F2A6A1D3-194D-4751-9895-84753898029D}.Debug|x64.Build.0 = Debug|x64
		{F2A6A1D3-194D-4751-9895-84753898029D}.Debug|x86.ActiveCfg = Debug|Win32
		{F2A6A1D3-194D-4751-9895-84753898029D}.Debug|x86.Build.0 = Debug|Win32
		{F2A6A1D3-194D-4751-9895-84753898029D}.Release|x64.ActiveCfg = Release|x64
		{F2A6A1D3-194D-4751-9895-84753898029D}.Release|x64.Build.0 = Release|x64
		{F2A6A1D3-194D-4751-9895-84753898029D}.Release|x86.ActiveCfg = Release|Win32
		{F2A6A1D3-194D-4751-9895-84753898029D}.Release|x86.Build.0 = Release|Win32
	EndGlobalSection
	GlobalSection(SolutionProperties) = preSolution
		HideSolutionNode = FALSE
	EndGlobalSection
	GlobalSection(ExtensibilityGlobals) = postSolution
		SolutionGuid = {872EFF05-8116-4B12-A360-D9A36793D434}
	EndGlobalSection
EndGlobal
